
Microsoft Visual Studio Solution File, Format Version 12.00
Project("{FAE04EC0-301F-11D3-BF4B-00C04F79EFBC}") = "Scopie", "Scopie.csproj", "{7918A9AE-3883-4966-9890-955F452B62BD}"
EndProject
Global
	GlobalSection(SolutionConfigurationPlatforms) = preSolution
		Debug|Any CPU = Debug|Any CPU
		Release|Any CPU = Release|Any CPU
	EndGlobalSection
	GlobalSection(ProjectConfigurationPlatforms) = postSolution
		{7918A9AE-3883-4966-9890-955F452B62BD}.Debug|Any CPU.ActiveCfg = Debug|Any CPU
		{7918A9AE-3883-4966-9890-955F452B62BD}.Debug|Any CPU.Build.0 = Debug|Any CPU
		{7918A9AE-3883-4966-9890-955F452B62BD}.Release|Any CPU.ActiveCfg = Release|Any CPU
		{7918A9AE-3883-4966-9890-955F452B62BD}.Release|Any CPU.Build.0 = Release|Any CPU
	EndGlobalSection
EndGlobal
