
Microsoft Visual Studio Solution File, Format Version 12.00
# Visual Studio Version 16
VisualStudioVersion = 16.0.28407.52
MinimumVisualStudioVersion = 10.0.40219.1
Project("{9A19103F-16F7-4668-BE54-9A1E7A4F7556}") = "Scopie", "Scopie.csproj", "{DD01D8F5-D892-4457-BB81-72B6093C453C}"
EndProject
Global
	GlobalSection(SolutionConfigurationPlatforms) = preSolution
		Debug|Any CPU = Debug|Any CPU
		Release|Any CPU = Release|Any CPU
	EndGlobalSection
	GlobalSection(ProjectConfigurationPlatforms) = postSolution
		{DD01D8F5-D892-4457-BB81-72B6093C453C}.Debug|Any CPU.ActiveCfg = Debug|Any CPU
		{DD01D8F5-D892-4457-BB81-72B6093C453C}.Debug|Any CPU.Build.0 = Debug|Any CPU
		{DD01D8F5-D892-4457-BB81-72B6093C453C}.Release|Any CPU.ActiveCfg = Release|Any CPU
		{DD01D8F5-D892-4457-BB81-72B6093C453C}.Release|Any CPU.Build.0 = Release|Any CPU
	EndGlobalSection
	GlobalSection(SolutionProperties) = preSolution
		HideSolutionNode = FALSE
	EndGlobalSection
	GlobalSection(ExtensibilityGlobals) = postSolution
		SolutionGuid = {8BEBAEB5-391A-47F7-AEDF-DE81BE8F5682}
	EndGlobalSection
EndGlobal
